// !$*UTF8*$!
{
	archiveVersion = 1;
	classes = {
	};
	objectVersion = 56;
	objects = {

/* Begin PBXBuildFile section */
		F80A1AEC2A9C9A2D00667F34 /* AppDelegate.swift in Sources */ = {isa = PBXBuildFile; fileRef = F80A1AEB2A9C9A2D00667F34 /* AppDelegate.swift */; };
		F80A1AEE2A9C9A2D00667F34 /* SceneDelegate.swift in Sources */ = {isa = PBXBuildFile; fileRef = F80A1AED2A9C9A2D00667F34 /* SceneDelegate.swift */; };
		F80A1AF02A9C9A2D00667F34 /* ViewController.swift in Sources */ = {isa = PBXBuildFile; fileRef = F80A1AEF2A9C9A2D00667F34 /* ViewController.swift */; };
		F80A1AF32A9C9A2D00667F34 /* Main.storyboard in Resources */ = {isa = PBXBuildFile; fileRef = F80A1AF12A9C9A2D00667F34 /* Main.storyboard */; };
		F80A1AF52A9C9A2D00667F34 /* Assets.xcassets in Resources */ = {isa = PBXBuildFile; fileRef = F80A1AF42A9C9A2D00667F34 /* Assets.xcassets */; };
		F80A1AF82A9C9A2D00667F34 /* LaunchScreen.storyboard in Resources */ = {isa = PBXBuildFile; fileRef = F80A1AF62A9C9A2D00667F34 /* LaunchScreen.storyboard */; };
		F80A1B012A9C9B3D00667F34 /* CloudKitOptionals.xcdatamodeld in Sources */ = {isa = PBXBuildFile; fileRef = F80A1AFF2A9C9B3D00667F34 /* CloudKitOptionals.xcdatamodeld */; };
/* End PBXBuildFile section */

/* Begin PBXFileReference section */
		F80A1AE82A9C9A2D00667F34 /* CloudKitOptionals.app */ = {isa = PBXFileReference; explicitFileType = wrapper.application; includeInIndex = 0; path = CloudKitOptionals.app; sourceTree = BUILT_PRODUCTS_DIR; };
		F80A1AEB2A9C9A2D00667F34 /* AppDelegate.swift */ = {isa = PBXFileReference; lastKnownFileType = sourcecode.swift; path = AppDelegate.swift; sourceTree = "<group>"; };
		F80A1AED2A9C9A2D00667F34 /* SceneDelegate.swift */ = {isa = PBXFileReference; lastKnownFileType = sourcecode.swift; path = SceneDelegate.swift; sourceTree = "<group>"; };
		F80A1AEF2A9C9A2D00667F34 /* ViewController.swift */ = {isa = PBXFileReference; lastKnownFileType = sourcecode.swift; path = ViewController.swift; sourceTree = "<group>"; };
		F80A1AF22A9C9A2D00667F34 /* Base */ = {isa = PBXFileReference; lastKnownFileType = file.storyboard; name = Base; path = Base.lproj/Main.storyboard; sourceTree = "<group>"; };
		F80A1AF42A9C9A2D00667F34 /* Assets.xcassets */ = {isa = PBXFileReference; lastKnownFileType = folder.assetcatalog; path = Assets.xcassets; sourceTree = "<group>"; };
		F80A1AF72A9C9A2D00667F34 /* Base */ = {isa = PBXFileReference; lastKnownFileType = file.storyboard; name = Base; path = Base.lproj/LaunchScreen.storyboard; sourceTree = "<group>"; };
		F80A1AF92A9C9A2D00667F34 /* Info.plist */ = {isa = PBXFileReference; lastKnownFileType = text.plist.xml; path = Info.plist; sourceTree = "<group>"; };
		F80A1B002A9C9B3D00667F34 /* CloudKitOptionals.xcdatamodel */ = {isa = PBXFileReference; lastKnownFileType = wrapper.xcdatamodel; path = CloudKitOptionals.xcdatamodel; sourceTree = "<group>"; };
		F80A1B022A9C9C4800667F34 /* CloudKitOptionals.entitlements */ = {isa = PBXFileReference; lastKnownFileType = text.plist.entitlements; path = CloudKitOptionals.entitlements; sourceTree = "<group>"; };
/* End PBXFileReference section */

/* Begin PBXFrameworksBuildPhase section */
		F80A1AE52A9C9A2D00667F34 /* Frameworks */ = {
			isa = PBXFrameworksBuildPhase;
			buildActionMask = 2147483647;
			files = (
			);
			runOnlyForDeploymentPostprocessing = 0;
		};
/* End PBXFrameworksBuildPhase section */

/* Begin PBXGroup section */
		F80A1ADF2A9C9A2D00667F34 = {
			isa = PBXGroup;
			children = (
				F80A1AEA2A9C9A2D00667F34 /* CloudKitOptionals */,
				F80A1AE92A9C9A2D00667F34 /* Products */,
			);
			sourceTree = "<group>";
		};
		F80A1AE92A9C9A2D00667F34 /* Products */ = {
			isa = PBXGroup;
			children = (
				F80A1AE82A9C9A2D00667F34 /* CloudKitOptionals.app */,
			);
			name = Products;
			sourceTree = "<group>";
		};
		F80A1AEA2A9C9A2D00667F34 /* CloudKitOptionals */ = {
			isa = PBXGroup;
			children = (
				F80A1B022A9C9C4800667F34 /* CloudKitOptionals.entitlements */,
				F80A1AEB2A9C9A2D00667F34 /* AppDelegate.swift */,
				F80A1AED2A9C9A2D00667F34 /* SceneDelegate.swift */,
				F80A1AEF2A9C9A2D00667F34 /* ViewController.swift */,
				F80A1AF12A9C9A2D00667F34 /* Main.storyboard */,
				F80A1AF42A9C9A2D00667F34 /* Assets.xcassets */,
				F80A1AF62A9C9A2D00667F34 /* LaunchScreen.storyboard */,
				F80A1AF92A9C9A2D00667F34 /* Info.plist */,
				F80A1AFF2A9C9B3D00667F34 /* CloudKitOptionals.xcdatamodeld */,
			);
			path = CloudKitOptionals;
			sourceTree = "<group>";
		};
/* End PBXGroup section */

/* Begin PBXNativeTarget section */
		F80A1AE72A9C9A2D00667F34 /* CloudKitOptionals */ = {
			isa = PBXNativeTarget;
			buildConfigurationList = F80A1AFC2A9C9A2D00667F34 /* Build configuration list for PBXNativeTarget "CloudKitOptionals" */;
			buildPhases = (
				F80A1AE42A9C9A2D00667F34 /* Sources */,
				F80A1AE52A9C9A2D00667F34 /* Frameworks */,
				F80A1AE62A9C9A2D00667F34 /* Resources */,
			);
			buildRules = (
			);
			dependencies = (
			);
			name = CloudKitOptionals;
			productName = CloudKitOptionals;
			productReference = F80A1AE82A9C9A2D00667F34 /* CloudKitOptionals.app */;
			productType = "com.apple.product-type.application";
		};
/* End PBXNativeTarget section */

/* Begin PBXProject section */
		F80A1AE02A9C9A2D00667F34 /* Project object */ = {
			isa = PBXProject;
			attributes = {
				BuildIndependentTargetsInParallel = 1;
				LastSwiftUpdateCheck = 1430;
				LastUpgradeCheck = 1430;
				TargetAttributes = {
					F80A1AE72A9C9A2D00667F34 = {
						CreatedOnToolsVersion = 14.3;
					};
				};
			};
			buildConfigurationList = F80A1AE32A9C9A2D00667F34 /* Build configuration list for PBXProject "CloudKitOptionals" */;
			compatibilityVersion = "Xcode 14.0";
			developmentRegion = en;
			hasScannedForEncodings = 0;
			knownRegions = (
				en,
				Base,
			);
			mainGroup = F80A1ADF2A9C9A2D00667F34;
			productRefGroup = F80A1AE92A9C9A2D00667F34 /* Products */;
			projectDirPath = "";
			projectRoot = "";
			targets = (
				F80A1AE72A9C9A2D00667F34 /* CloudKitOptionals */,
			);
		};
/* End PBXProject section */

/* Begin PBXResourcesBuildPhase section */
		F80A1AE62A9C9A2D00667F34 /* Resources */ = {
			isa = PBXResourcesBuildPhase;
			buildActionMask = 2147483647;
			files = (
				F80A1AF82A9C9A2D00667F34 /* LaunchScreen.storyboard in Resources */,
				F80A1AF52A9C9A2D00667F34 /* Assets.xcassets in Resources */,
				F80A1AF32A9C9A2D00667F34 /* Main.storyboard in Resources */,
			);
			runOnlyForDeploymentPostprocessing = 0;
		};
/* End PBXResourcesBuildPhase section */

/* Begin PBXSourcesBuildPhase section */
		F80A1AE42A9C9A2D00667F34 /* Sources */ = {
			isa = PBXSourcesBuildPhase;
			buildActionMask = 2147483647;
			files = (
				F80A1AF02A9C9A2D00667F34 /* ViewController.swift in Sources */,
				F80A1AEC2A9C9A2D00667F34 /* AppDelegate.swift in Sources */,
				F80A1B012A9C9B3D00667F34 /* CloudKitOptionals.xcdatamodeld in Sources */,
				F80A1AEE2A9C9A2D00667F34 /* SceneDelegate.swift in Sources */,
			);
			runOnlyForDeploymentPostprocessing = 0;
		};
/* End PBXSourcesBuildPhase section */

/* Begin PBXVariantGroup section */
		F80A1AF12A9C9A2D00667F34 /* Main.storyboard */ = {
			isa = PBXVariantGroup;
			children = (
				F80A1AF22A9C9A2D00667F34 /* Base */,
			);
			name = Main.storyboard;
			sourceTree = "<group>";
		};
		F80A1AF62A9C9A2D00667F34 /* LaunchScreen.storyboard */ = {
			isa = PBXVariantGroup;
			children = (
				F80A1AF72A9C9A2D00667F34 /* Base */,
			);
			name = LaunchScreen.storyboard;
			sourceTree = "<group>";
		};
/* End PBXVariantGroup section */

/* Begin XCBuildConfiguration section */
		F80A1AFA2A9C9A2D00667F34 /* Debug */ = {
			isa = XCBuildConfiguration;
			buildSettings = {
				ALWAYS_SEARCH_USER_PATHS = NO;
				CLANG_ANALYZER_NONNULL = YES;
				CLANG_ANALYZER_NUMBER_OBJECT_CONVERSION = YES_AGGRESSIVE;
				CLANG_CXX_LANGUAGE_STANDARD = "gnu++20";
				CLANG_ENABLE_MODULES = YES;
				CLANG_ENABLE_OBJC_ARC = YES;
				CLANG_ENABLE_OBJC_WEAK = YES;
				CLANG_WARN_BLOCK_CAPTURE_AUTORELEASING = YES;
				CLANG_WARN_BOOL_CONVERSION = YES;
				CLANG_WARN_COMMA = YES;
				CLANG_WARN_CONSTANT_CONVERSION = YES;
				CLANG_WARN_DEPRECATED_OBJC_IMPLEMENTATIONS = YES;
				CLANG_WARN_DIRECT_OBJC_ISA_USAGE = YES_ERROR;
				CLANG_WARN_DOCUMENTATION_COMMENTS = YES;
				CLANG_WARN_EMPTY_BODY = YES;
				CLANG_WARN_ENUM_CONVERSION = YES;
				CLANG_WARN_INFINITE_RECURSION = YES;
				CLANG_WARN_INT_CONVERSION = YES;
				CLANG_WARN_NON_LITERAL_NULL_CONVERSION = YES;
				CLANG_WARN_OBJC_IMPLICIT_RETAIN_SELF = YES;
				CLANG_WARN_OBJC_LITERAL_CONVERSION = YES;
				CLANG_WARN_OBJC_ROOT_CLASS = YES_ERROR;
				CLANG_WARN_QUOTED_INCLUDE_IN_FRAMEWORK_HEADER = YES;
				CLANG_WARN_RANGE_LOOP_ANALYSIS = YES;
				CLANG_WARN_STRICT_PROTOTYPES = YES;
				CLANG_WARN_SUSPICIOUS_MOVE = YES;
				CLANG_WARN_UNGUARDED_AVAILABILITY = YES_AGGRESSIVE;
				CLANG_WARN_UNREACHABLE_CODE = YES;
				CLANG_WARN__DUPLICATE_METHOD_MATCH = YES;
				COPY_PHASE_STRIP = NO;
				DEBUG_INFORMATION_FORMAT = dwarf;
				ENABLE_STRICT_OBJC_MSGSEND = YES;
				ENABLE_TESTABILITY = YES;
				GCC_C_LANGUAGE_STANDARD = gnu11;
				GCC_DYNAMIC_NO_PIC = NO;
				GCC_NO_COMMON_BLOCKS = YES;
				GCC_OPTIMIZATION_LEVEL = 0;
				GCC_PREPROCESSOR_DEFINITIONS = (
					"DEBUG=1",
					"$(inherited)",
				);
				GCC_WARN_64_TO_32_BIT_CONVERSION = YES;
				GCC_WARN_ABOUT_RETURN_TYPE = YES_ERROR;
				GCC_WARN_UNDECLARED_SELECTOR = YES;
				GCC_WARN_UNINITIALIZED_AUTOS = YES_AGGRESSIVE;
				GCC_WARN_UNUSED_FUNCTION = YES;
				GCC_WARN_UNUSED_VARIABLE = YES;
				IPHONEOS_DEPLOYMENT_TARGET = 16.4;
				MTL_ENABLE_DEBUG_INFO = INCLUDE_SOURCE;
				MTL_FAST_MATH = YES;
				ONLY_ACTIVE_ARCH = YES;
				SDKROOT = iphoneos;
				SWIFT_ACTIVE_COMPILATION_CONDITIONS = DEBUG;
				SWIFT_OPTIMIZATION_LEVEL = "-Onone";
			};
			name = Debug;
		};
		F80A1AFB2A9C9A2D00667F34 /* Release */ = {
			isa = XCBuildConfiguration;
			buildSettings = {
				ALWAYS_SEARCH_USER_PATHS = NO;
				CLANG_ANALYZER_NONNULL = YES;
				CLANG_ANALYZER_NUMBER_OBJECT_CONVERSION = YES_AGGRESSIVE;
				CLANG_CXX_LANGUAGE_STANDARD = "gnu++20";
				CLANG_ENABLE_MODULES = YES;
				CLANG_ENABLE_OBJC_ARC = YES;
				CLANG_ENABLE_OBJC_WEAK = YES;
				CLANG_WARN_BLOCK_CAPTURE_AUTORELEASING = YES;
				CLANG_WARN_BOOL_CONVERSION = YES;
				CLANG_WARN_COMMA = YES;
				CLANG_WARN_CONSTANT_CONVERSION = YES;
				CLANG_WARN_DEPRECATED_OBJC_IMPLEMENTATIONS = YES;
				CLANG_WARN_DIRECT_OBJC_ISA_USAGE = YES_ERROR;
				CLANG_WARN_DOCUMENTATION_COMMENTS = YES;
				CLANG_WARN_EMPTY_BODY = YES;
				CLANG_WARN_ENUM_CONVERSION = YES;
				CLANG_WARN_INFINITE_RECURSION = YES;
				CLANG_WARN_INT_CONVERSION = YES;
				CLANG_WARN_NON_LITERAL_NULL_CONVERSION = YES;
				CLANG_WARN_OBJC_IMPLICIT_RETAIN_SELF = YES;
				CLANG_WARN_OBJC_LITERAL_CONVERSION = YES;
				CLANG_WARN_OBJC_ROOT_CLASS = YES_ERROR;
				CLANG_WARN_QUOTED_INCLUDE_IN_FRAMEWORK_HEADER = YES;
				CLANG_WARN_RANGE_LOOP_ANALYSIS = YES;
				CLANG_WARN_STRICT_PROTOTYPES = YES;
				CLANG_WARN_SUSPICIOUS_MOVE = YES;
				CLANG_WARN_UNGUARDED_AVAILABILITY = YES_AGGRESSIVE;
				CLANG_WARN_UNREACHABLE_CODE = YES;
				CLANG_WARN__DUPLICATE_METHOD_MATCH = YES;
				COPY_PHASE_STRIP = NO;
				DEBUG_INFORMATION_FORMAT = "dwarf-with-dsym";
				ENABLE_NS_ASSERTIONS = NO;
				ENABLE_STRICT_OBJC_MSGSEND = YES;
				GCC_C_LANGUAGE_STANDARD = gnu11;
				GCC_NO_COMMON_BLOCKS = YES;
				GCC_WARN_64_TO_32_BIT_CONVERSION = YES;
				GCC_WARN_ABOUT_RETURN_TYPE = YES_ERROR;
				GCC_WARN_UNDECLARED_SELECTOR = YES;
				GCC_WARN_UNINITIALIZED_AUTOS = YES_AGGRESSIVE;
				GCC_WARN_UNUSED_FUNCTION = YES;
				GCC_WARN_UNUSED_VARIABLE = YES;
				IPHONEOS_DEPLOYMENT_TARGET = 16.4;
				MTL_ENABLE_DEBUG_INFO = NO;
				MTL_FAST_MATH = YES;
				SDKROOT = iphoneos;
				SWIFT_COMPILATION_MODE = wholemodule;
				SWIFT_OPTIMIZATION_LEVEL = "-O";
				VALIDATE_PRODUCT = YES;
			};
			name = Release;
		};
		F80A1AFD2A9C9A2D00667F34 /* Debug */ = {
			isa = XCBuildConfiguration;
			buildSettings = {
				ASSETCATALOG_COMPILER_APPICON_NAME = AppIcon;
				ASSETCATALOG_COMPILER_GLOBAL_ACCENT_COLOR_NAME = AccentColor;
				CODE_SIGN_ENTITLEMENTS = CloudKitOptionals/CloudKitOptionals.entitlements;
				CODE_SIGN_STYLE = Automatic;
				CURRENT_PROJECT_VERSION = 1;
				DEVELOPMENT_TEAM = QJT4Q96V2B;
				GENERATE_INFOPLIST_FILE = YES;
				INFOPLIST_FILE = CloudKitOptionals/Info.plist;
				INFOPLIST_KEY_UIApplicationSupportsIndirectInputEvents = YES;
				INFOPLIST_KEY_UILaunchStoryboardName = LaunchScreen;
				INFOPLIST_KEY_UIMainStoryboardFile = Main;
				INFOPLIST_KEY_UISupportedInterfaceOrientations_iPad = "UIInterfaceOrientationPortrait UIInterfaceOrientationPortraitUpsideDown UIInterfaceOrientationLandscapeLeft UIInterfaceOrientationLandscapeRight";
				INFOPLIST_KEY_UISupportedInterfaceOrientations_iPhone = "UIInterfaceOrientationPortrait UIInterfaceOrientationLandscapeLeft UIInterfaceOrientationLandscapeRight";
				LD_RUNPATH_SEARCH_PATHS = (
					"$(inherited)",
					"@executable_path/Frameworks",
				);
				MARKETING_VERSION = 1.0;
				PRODUCT_BUNDLE_IDENTIFIER = com.oneFootAfterTheOther.CloudKitOptionals;
				PRODUCT_NAME = "$(TARGET_NAME)";
				SWIFT_EMIT_LOC_STRINGS = YES;
				SWIFT_VERSION = 5.0;
				TARGETED_DEVICE_FAMILY = "1,2";
			};
			name = Debug;
		};
		F80A1AFE2A9C9A2D00667F34 /* Release */ = {
			isa = XCBuildConfiguration;
			buildSettings = {
				ASSETCATALOG_COMPILER_APPICON_NAME = AppIcon;
				ASSETCATALOG_COMPILER_GLOBAL_ACCENT_COLOR_NAME = AccentColor;
				CODE_SIGN_ENTITLEMENTS = CloudKitOptionals/CloudKitOptionals.entitlements;
				CODE_SIGN_STYLE = Automatic;
				CURRENT_PROJECT_VERSION = 1;
				DEVELOPMENT_TEAM = QJT4Q96V2B;
				GENERATE_INFOPLIST_FILE = YES;
				INFOPLIST_FILE = CloudKitOptionals/Info.plist;
				INFOPLIST_KEY_UIApplicationSupportsIndirectInputEvents = YES;
				INFOPLIST_KEY_UILaunchStoryboardName = LaunchScreen;
				INFOPLIST_KEY_UIMainStoryboardFile = Main;
				INFOPLIST_KEY_UISupportedInterfaceOrientations_iPad = "UIInterfaceOrientationPortrait UIInterfaceOrientationPortraitUpsideDown UIInterfaceOrientationLandscapeLeft UIInterfaceOrientationLandscapeRight";
				INFOPLIST_KEY_UISupportedInterfaceOrientations_iPhone = "UIInterfaceOrientationPortrait UIInterfaceOrientationLandscapeLeft UIInterfaceOrientationLandscapeRight";
				LD_RUNPATH_SEARCH_PATHS = (
					"$(inherited)",
					"@executable_path/Frameworks",
				);
				MARKETING_VERSION = 1.0;
				PRODUCT_BUNDLE_IDENTIFIER = com.oneFootAfterTheOther.CloudKitOptionals;
				PRODUCT_NAME = "$(TARGET_NAME)";
				SWIFT_EMIT_LOC_STRINGS = YES;
				SWIFT_VERSION = 5.0;
				TARGETED_DEVICE_FAMILY = "1,2";
			};
			name = Release;
		};
/* End XCBuildConfiguration section */

/* Begin XCConfigurationList section */
		F80A1AE32A9C9A2D00667F34 /* Build configuration list for PBXProject "CloudKitOptionals" */ = {
			isa = XCConfigurationList;
			buildConfigurations = (
				F80A1AFA2A9C9A2D00667F34 /* Debug */,
				F80A1AFB2A9C9A2D00667F34 /* Release */,
			);
			defaultConfigurationIsVisible = 0;
			defaultConfigurationName = Release;
		};
		F80A1AFC2A9C9A2D00667F34 /* Build configuration list for PBXNativeTarget "CloudKitOptionals" */ = {
			isa = XCConfigurationList;
			buildConfigurations = (
				F80A1AFD2A9C9A2D00667F34 /* Debug */,
				F80A1AFE2A9C9A2D00667F34 /* Release */,
			);
			defaultConfigurationIsVisible = 0;
			defaultConfigurationName = Release;
		};
/* End XCConfigurationList section */

/* Begin XCVersionGroup section */
		F80A1AFF2A9C9B3D00667F34 /* CloudKitOptionals.xcdatamodeld */ = {
			isa = XCVersionGroup;
			children = (
				F80A1B002A9C9B3D00667F34 /* CloudKitOptionals.xcdatamodel */,
			);
			currentVersion = F80A1B002A9C9B3D00667F34 /* CloudKitOptionals.xcdatamodel */;
			path = CloudKitOptionals.xcdatamodeld;
			sourceTree = "<group>";
			versionGroupType = wrapper.xcdatamodel;
		};
/* End XCVersionGroup section */
	};
	rootObject = F80A1AE02A9C9A2D00667F34 /* Project object */;
}
